{
  "name": "news-app",
  "lockfileVersion": 3,
  "requires": true,
  "packages": {
    "": {
      "dependencies": {
        "@react-native-async-storage/async-storage": "^1.15.9"
      }
    },
    "node_modules/@react-native-async-storage/async-storage": {
      "version": "1.15.9",
      "resolved": "https://registry.npmjs.org/@react-native-async-storage/async-storage/-/async-storage-1.15.9.tgz",
      "integrity": "sha512-LrVPfhKqodRiDWCgZp7J2X55JQqOhdQUxbl17RrktIGCZ0ud2XHdNoTIvyI1VccqHoF/CZK6v+G0IoX5NYZ1JA==",
      "license": "MIT",
      "dependencies": {
        "merge-options": "^3.0.4"
      },
      "peerDependencies": {
        "react-native": "^0.0.0-0 || ^0.60.6 || ^0.61.5 || ^0.62.2 || ^0.63.2 || ^0.64.0 || ^0.65.0 || ^0.66.0 || 1000.0.0"
      }
    },
    "node_modules/is-plain-obj": {
      "version": "2.1.0",
      "resolved": "https://registry.npmjs.org/is-plain-obj/-/is-plain-obj-2.1.0.tgz",
      "integrity": "sha512-YWnfyRwxL/+SsrWYfOpUtz5b3YD+nyfkHvjbcanzk8zgyO4ASD67uVMRt8k5bM4lLMDnXfriRhOpemw+NfT1eA==",
      "license": "MIT",
      "engines": {
        "node": ">=8"
      }
    },
    "node_modules/merge-options": {
      "version": "3.0.4",
      "resolved": "https://registry.npmjs.org/merge-options/-/merge-options-3.0.4.tgz",
      "integrity": "sha512-2Sug1+knBjkaMsMgf1ctR1Ujx+Ayku4EdJN4Z+C2+JzoeF7A3OZ9KM2GY0CpQS51NR61LTurMJrRKPhSs3ZRTQ==",
      "license": "MIT",
      "dependencies": {
        "is-plain-obj": "^2.1.0"
      },
      "engines": {
        "node": ">=10"
      }
    }
  }
}
